
Microsoft Visual Studio Solution File, Format Version 12.00
# Visual Studio 15
VisualStudioVersion = 15.0.27428.2015
MinimumVisualStudioVersion = 10.0.40219.1
Project("{FAE04EC0-301F-11D3-BF4B-00C04F79EFBC}") = "CustomView", "CustomView\CustomView.csproj", "{6E603985-8936-4F1F-843B-AB410E98DFAA}"
EndProject
Global
	GlobalSection(SolutionConfigurationPlatforms) = preSolution
		Debug|Any CPU = Debug|Any CPU
		Release|Any CPU = Release|Any CPU
	EndGlobalSection
	GlobalSection(ProjectConfigurationPlatforms) = postSolution
		{6E603985-8936-4F1F-843B-AB410E98DFAA}.Debug|Any CPU.ActiveCfg = Debug|Any CPU
		{6E603985-8936-4F1F-843B-AB410E98DFAA}.Debug|Any CPU.Build.0 = Debug|Any CPU
		{6E603985-8936-4F1F-843B-AB410E98DFAA}.Debug|Any CPU.Deploy.0 = Debug|Any CPU
		{6E603985-8936-4F1F-843B-AB410E98DFAA}.Release|Any CPU.ActiveCfg = Release|Any CPU
		{6E603985-8936-4F1F-843B-AB410E98DFAA}.Release|Any CPU.Build.0 = Release|Any CPU
		{6E603985-8936-4F1F-843B-AB410E98DFAA}.Release|Any CPU.Deploy.0 = Release|Any CPU
	EndGlobalSection
	GlobalSection(SolutionProperties) = preSolution
		HideSolutionNode = FALSE
	EndGlobalSection
	GlobalSection(ExtensibilityGlobals) = postSolution
		SolutionGuid = {0B1312D8-2DC1-4BB9-83EC-8BA74AE01868}
	EndGlobalSection
EndGlobal
